// !$*UTF8*$!
{
	archiveVersion = 1;
	classes = {
	};
	objectVersion = 50;
	objects = {

/* Begin PBXBuildFile section */
		849E8F5F2382923400070A0C /* AppDelegate.swift in Sources */ = {isa = PBXBuildFile; fileRef = 849E8F5E2382923400070A0C /* AppDelegate.swift */; };
		849E8F612382923400070A0C /* SceneDelegate.swift in Sources */ = {isa = PBXBuildFile; fileRef = 849E8F602382923400070A0C /* SceneDelegate.swift */; };
		849E8F632382923400070A0C /* ContentView.swift in Sources */ = {isa = PBXBuildFile; fileRef = 849E8F622382923400070A0C /* ContentView.swift */; };
		849E8F652382923500070A0C /* Assets.xcassets in Resources */ = {isa = PBXBuildFile; fileRef = 849E8F642382923500070A0C /* Assets.xcassets */; };
		849E8F682382923500070A0C /* Preview Assets.xcassets in Resources */ = {isa = PBXBuildFile; fileRef = 849E8F672382923500070A0C /* Preview Assets.xcassets */; };
		849E8F6B2382923500070A0C /* LaunchScreen.storyboard in Resources */ = {isa = PBXBuildFile; fileRef = 849E8F692382923500070A0C /* LaunchScreen.storyboard */; };
		849E8F762382923600070A0C /* Section1_CreatingAndCombiningViewsTests.swift in Sources */ = {isa = PBXBuildFile; fileRef = 849E8F752382923600070A0C /* Section1_CreatingAndCombiningViewsTests.swift */; };
		849E8F812382923600070A0C /* Section1_CreatingAndCombiningViewsUITests.swift in Sources */ = {isa = PBXBuildFile; fileRef = 849E8F802382923600070A0C /* Section1_CreatingAndCombiningViewsUITests.swift */; };
/* End PBXBuildFile section */

/* Begin PBXContainerItemProxy section */
		849E8F722382923600070A0C /* PBXContainerItemProxy */ = {
			isa = PBXContainerItemProxy;
			containerPortal = 849E8F532382923400070A0C /* Project object */;
			proxyType = 1;
			remoteGlobalIDString = 849E8F5A2382923400070A0C;
			remoteInfo = "Section1-CreatingAndCombiningViews";
		};
		849E8F7D2382923600070A0C /* PBXContainerItemProxy */ = {
			isa = PBXContainerItemProxy;
			containerPortal = 849E8F532382923400070A0C /* Project object */;
			proxyType = 1;
			remoteGlobalIDString = 849E8F5A2382923400070A0C;
			remoteInfo = "Section1-CreatingAndCombiningViews";
		};
/* End PBXContainerItemProxy section */

/* Begin PBXFileReference section */
		849E8F5B2382923400070A0C /* Section1-CreatingAndCombiningViews.app */ = {isa = PBXFileReference; explicitFileType = wrapper.application; includeInIndex = 0; path = "Section1-CreatingAndCombiningViews.app"; sourceTree = BUILT_PRODUCTS_DIR; };
		849E8F5E2382923400070A0C /* AppDelegate.swift */ = {isa = PBXFileReference; lastKnownFileType = sourcecode.swift; path = AppDelegate.swift; sourceTree = "<group>"; };
		849E8F602382923400070A0C /* SceneDelegate.swift */ = {isa = PBXFileReference; lastKnownFileType = sourcecode.swift; path = SceneDelegate.swift; sourceTree = "<group>"; };
		849E8F622382923400070A0C /* ContentView.swift */ = {isa = PBXFileReference; lastKnownFileType = sourcecode.swift; path = ContentView.swift; sourceTree = "<group>"; };
		849E8F642382923500070A0C /* Assets.xcassets */ = {isa = PBXFileReference; lastKnownFileType = folder.assetcatalog; path = Assets.xcassets; sourceTree = "<group>"; };
		849E8F672382923500070A0C /* Preview Assets.xcassets */ = {isa = PBXFileReference; lastKnownFileType = folder.assetcatalog; path = "Preview Assets.xcassets"; sourceTree = "<group>"; };
		849E8F6A2382923500070A0C /* Base */ = {isa = PBXFileReference; lastKnownFileType = file.storyboard; name = Base; path = Base.lproj/LaunchScreen.storyboard; sourceTree = "<group>"; };
		849E8F6C2382923500070A0C /* Info.plist */ = {isa = PBXFileReference; lastKnownFileType = text.plist.xml; path = Info.plist; sourceTree = "<group>"; };
		849E8F712382923600070A0C /* Section1-CreatingAndCombiningViewsTests.xctest */ = {isa = PBXFileReference; explicitFileType = wrapper.cfbundle; includeInIndex = 0; path = "Section1-CreatingAndCombiningViewsTests.xctest"; sourceTree = BUILT_PRODUCTS_DIR; };
		849E8F752382923600070A0C /* Section1_CreatingAndCombiningViewsTests.swift */ = {isa = PBXFileReference; lastKnownFileType = sourcecode.swift; path = Section1_CreatingAndCombiningViewsTests.swift; sourceTree = "<group>"; };
		849E8F772382923600070A0C /* Info.plist */ = {isa = PBXFileReference; lastKnownFileType = text.plist.xml; path = Info.plist; sourceTree = "<group>"; };
		849E8F7C2382923600070A0C /* Section1-CreatingAndCombiningViewsUITests.xctest */ = {isa = PBXFileReference; explicitFileType = wrapper.cfbundle; includeInIndex = 0; path = "Section1-CreatingAndCombiningViewsUITests.xctest"; sourceTree = BUILT_PRODUCTS_DIR; };
		849E8F802382923600070A0C /* Section1_CreatingAndCombiningViewsUITests.swift */ = {isa = PBXFileReference; lastKnownFileType = sourcecode.swift; path = Section1_CreatingAndCombiningViewsUITests.swift; sourceTree = "<group>"; };
		849E8F822382923600070A0C /* Info.plist */ = {isa = PBXFileReference; lastKnownFileType = text.plist.xml; path = Info.plist; sourceTree = "<group>"; };
/* End PBXFileReference section */

/* Begin PBXFrameworksBuildPhase section */
		849E8F582382923400070A0C /* Frameworks */ = {
			isa = PBXFrameworksBuildPhase;
			buildActionMask = 2147483647;
			files = (
			);
			runOnlyForDeploymentPostprocessing = 0;
		};
		849E8F6E2382923600070A0C /* Frameworks */ = {
			isa = PBXFrameworksBuildPhase;
			buildActionMask = 2147483647;
			files = (
			);
			runOnlyForDeploymentPostprocessing = 0;
		};
		849E8F792382923600070A0C /* Frameworks */ = {
			isa = PBXFrameworksBuildPhase;
			buildActionMask = 2147483647;
			files = (
			);
			runOnlyForDeploymentPostprocessing = 0;
		};
/* End PBXFrameworksBuildPhase section */

/* Begin PBXGroup section */
		849E8F522382923400070A0C = {
			isa = PBXGroup;
			children = (
				849E8F5D2382923400070A0C /* Section1-CreatingAndCombiningViews */,
				849E8F742382923600070A0C /* Section1-CreatingAndCombiningViewsTests */,
				849E8F7F2382923600070A0C /* Section1-CreatingAndCombiningViewsUITests */,
				849E8F5C2382923400070A0C /* Products */,
			);
			sourceTree = "<group>";
		};
		849E8F5C2382923400070A0C /* Products */ = {
			isa = PBXGroup;
			children = (
				849E8F5B2382923400070A0C /* Section1-CreatingAndCombiningViews.app */,
				849E8F712382923600070A0C /* Section1-CreatingAndCombiningViewsTests.xctest */,
				849E8F7C2382923600070A0C /* Section1-CreatingAndCombiningViewsUITests.xctest */,
			);
			name = Products;
			sourceTree = "<group>";
		};
		849E8F5D2382923400070A0C /* Section1-CreatingAndCombiningViews */ = {
			isa = PBXGroup;
			children = (
				849E8F5E2382923400070A0C /* AppDelegate.swift */,
				849E8F602382923400070A0C /* SceneDelegate.swift */,
				849E8F622382923400070A0C /* ContentView.swift */,
				849E8F642382923500070A0C /* Assets.xcassets */,
				849E8F692382923500070A0C /* LaunchScreen.storyboard */,
				849E8F6C2382923500070A0C /* Info.plist */,
				849E8F662382923500070A0C /* Preview Content */,
			);
			path = "Section1-CreatingAndCombiningViews";
			sourceTree = "<group>";
		};
		849E8F662382923500070A0C /* Preview Content */ = {
			isa = PBXGroup;
			children = (
				849E8F672382923500070A0C /* Preview Assets.xcassets */,
			);
			path = "Preview Content";
			sourceTree = "<group>";
		};
		849E8F742382923600070A0C /* Section1-CreatingAndCombiningViewsTests */ = {
			isa = PBXGroup;
			children = (
				849E8F752382923600070A0C /* Section1_CreatingAndCombiningViewsTests.swift */,
				849E8F772382923600070A0C /* Info.plist */,
			);
			path = "Section1-CreatingAndCombiningViewsTests";
			sourceTree = "<group>";
		};
		849E8F7F2382923600070A0C /* Section1-CreatingAndCombiningViewsUITests */ = {
			isa = PBXGroup;
			children = (
				849E8F802382923600070A0C /* Section1_CreatingAndCombiningViewsUITests.swift */,
				849E8F822382923600070A0C /* Info.plist */,
			);
			path = "Section1-CreatingAndCombiningViewsUITests";
			sourceTree = "<group>";
		};
/* End PBXGroup section */

/* Begin PBXNativeTarget section */
		849E8F5A2382923400070A0C /* Section1-CreatingAndCombiningViews */ = {
			isa = PBXNativeTarget;
			buildConfigurationList = 849E8F852382923600070A0C /* Build configuration list for PBXNativeTarget "Section1-CreatingAndCombiningViews" */;
			buildPhases = (
				849E8F572382923400070A0C /* Sources */,
				849E8F582382923400070A0C /* Frameworks */,
				849E8F592382923400070A0C /* Resources */,
			);
			buildRules = (
			);
			dependencies = (
			);
			name = "Section1-CreatingAndCombiningViews";
			productName = "Section1-CreatingAndCombiningViews";
			productReference = 849E8F5B2382923400070A0C /* Section1-CreatingAndCombiningViews.app */;
			productType = "com.apple.product-type.application";
		};
		849E8F702382923600070A0C /* Section1-CreatingAndCombiningViewsTests */ = {
			isa = PBXNativeTarget;
			buildConfigurationList = 849E8F882382923600070A0C /* Build configuration list for PBXNativeTarget "Section1-CreatingAndCombiningViewsTests" */;
			buildPhases = (
				849E8F6D2382923600070A0C /* Sources */,
				849E8F6E2382923600070A0C /* Frameworks */,
				849E8F6F2382923600070A0C /* Resources */,
			);
			buildRules = (
			);
			dependencies = (
				849E8F732382923600070A0C /* PBXTargetDependency */,
			);
			name = "Section1-CreatingAndCombiningViewsTests";
			productName = "Section1-CreatingAndCombiningViewsTests";
			productReference = 849E8F712382923600070A0C /* Section1-CreatingAndCombiningViewsTests.xctest */;
			productType = "com.apple.product-type.bundle.unit-test";
		};
		849E8F7B2382923600070A0C /* Section1-CreatingAndCombiningViewsUITests */ = {
			isa = PBXNativeTarget;
			buildConfigurationList = 849E8F8B2382923600070A0C /* Build configuration list for PBXNativeTarget "Section1-CreatingAndCombiningViewsUITests" */;
			buildPhases = (
				849E8F782382923600070A0C /* Sources */,
				849E8F792382923600070A0C /* Frameworks */,
				849E8F7A2382923600070A0C /* Resources */,
			);
			buildRules = (
			);
			dependencies = (
				849E8F7E2382923600070A0C /* PBXTargetDependency */,
			);
			name = "Section1-CreatingAndCombiningViewsUITests";
			productName = "Section1-CreatingAndCombiningViewsUITests";
			productReference = 849E8F7C2382923600070A0C /* Section1-CreatingAndCombiningViewsUITests.xctest */;
			productType = "com.apple.product-type.bundle.ui-testing";
		};
/* End PBXNativeTarget section */

/* Begin PBXProject section */
		849E8F532382923400070A0C /* Project object */ = {
			isa = PBXProject;
			attributes = {
				LastSwiftUpdateCheck = 1110;
				LastUpgradeCheck = 1110;
				ORGANIZATIONNAME = admin;
				TargetAttributes = {
					849E8F5A2382923400070A0C = {
						CreatedOnToolsVersion = 11.1;
					};
					849E8F702382923600070A0C = {
						CreatedOnToolsVersion = 11.1;
						TestTargetID = 849E8F5A2382923400070A0C;
					};
					849E8F7B2382923600070A0C = {
						CreatedOnToolsVersion = 11.1;
						TestTargetID = 849E8F5A2382923400070A0C;
					};
				};
			};
			buildConfigurationList = 849E8F562382923400070A0C /* Build configuration list for PBXProject "Section1-CreatingAndCombiningViews" */;
			compatibilityVersion = "Xcode 9.3";
			developmentRegion = en;
			hasScannedForEncodings = 0;
			knownRegions = (
				en,
				Base,
			);
			mainGroup = 849E8F522382923400070A0C;
			productRefGroup = 849E8F5C2382923400070A0C /* Products */;
			projectDirPath = "";
			projectRoot = "";
			targets = (
				849E8F5A2382923400070A0C /* Section1-CreatingAndCombiningViews */,
				849E8F702382923600070A0C /* Section1-CreatingAndCombiningViewsTests */,
				849E8F7B2382923600070A0C /* Section1-CreatingAndCombiningViewsUITests */,
			);
		};
/* End PBXProject section */

/* Begin PBXResourcesBuildPhase section */
		849E8F592382923400070A0C /* Resources */ = {
			isa = PBXResourcesBuildPhase;
			buildActionMask = 2147483647;
			files = (
				849E8F6B2382923500070A0C /* LaunchScreen.storyboard in Resources */,
				849E8F682382923500070A0C /* Preview Assets.xcassets in Resources */,
				849E8F652382923500070A0C /* Assets.xcassets in Resources */,
			);
			runOnlyForDeploymentPostprocessing = 0;
		};
		849E8F6F2382923600070A0C /* Resources */ = {
			isa = PBXResourcesBuildPhase;
			buildActionMask = 2147483647;
			files = (
			);
			runOnlyForDeploymentPostprocessing = 0;
		};
		849E8F7A2382923600070A0C /* Resources */ = {
			isa = PBXResourcesBuildPhase;
			buildActionMask = 2147483647;
			files = (
			);
			runOnlyForDeploymentPostprocessing = 0;
		};
/* End PBXResourcesBuildPhase section */

/* Begin PBXSourcesBuildPhase section */
		849E8F572382923400070A0C /* Sources */ = {
			isa = PBXSourcesBuildPhase;
			buildActionMask = 2147483647;
			files = (
				849E8F5F2382923400070A0C /* AppDelegate.swift in Sources */,
				849E8F612382923400070A0C /* SceneDelegate.swift in Sources */,
				849E8F632382923400070A0C /* ContentView.swift in Sources */,
			);
			runOnlyForDeploymentPostprocessing = 0;
		};
		849E8F6D2382923600070A0C /* Sources */ = {
			isa = PBXSourcesBuildPhase;
			buildActionMask = 2147483647;
			files = (
				849E8F762382923600070A0C /* Section1_CreatingAndCombiningViewsTests.swift in Sources */,
			);
			runOnlyForDeploymentPostprocessing = 0;
		};
		849E8F782382923600070A0C /* Sources */ = {
			isa = PBXSourcesBuildPhase;
			buildActionMask = 2147483647;
			files = (
				849E8F812382923600070A0C /* Section1_CreatingAndCombiningViewsUITests.swift in Sources */,
			);
			runOnlyForDeploymentPostprocessing = 0;
		};
/* End PBXSourcesBuildPhase section */

/* Begin PBXTargetDependency section */
		849E8F732382923600070A0C /* PBXTargetDependency */ = {
			isa = PBXTargetDependency;
			target = 849E8F5A2382923400070A0C /* Section1-CreatingAndCombiningViews */;
			targetProxy = 849E8F722382923600070A0C /* PBXContainerItemProxy */;
		};
		849E8F7E2382923600070A0C /* PBXTargetDependency */ = {
			isa = PBXTargetDependency;
			target = 849E8F5A2382923400070A0C /* Section1-CreatingAndCombiningViews */;
			targetProxy = 849E8F7D2382923600070A0C /* PBXContainerItemProxy */;
		};
/* End PBXTargetDependency section */

/* Begin PBXVariantGroup section */
		849E8F692382923500070A0C /* LaunchScreen.storyboard */ = {
			isa = PBXVariantGroup;
			children = (
				849E8F6A2382923500070A0C /* Base */,
			);
			name = LaunchScreen.storyboard;
			sourceTree = "<group>";
		};
/* End PBXVariantGroup section */

/* Begin XCBuildConfiguration section */
		849E8F832382923600070A0C /* Debug */ = {
			isa = XCBuildConfiguration;
			buildSettings = {
				ALWAYS_SEARCH_USER_PATHS = NO;
				CLANG_ANALYZER_NONNULL = YES;
				CLANG_ANALYZER_NUMBER_OBJECT_CONVERSION = YES_AGGRESSIVE;
				CLANG_CXX_LANGUAGE_STANDARD = "gnu++14";
				CLANG_CXX_LIBRARY = "libc++";
				CLANG_ENABLE_MODULES = YES;
				CLANG_ENABLE_OBJC_ARC = YES;
				CLANG_ENABLE_OBJC_WEAK = YES;
				CLANG_WARN_BLOCK_CAPTURE_AUTORELEASING = YES;
				CLANG_WARN_BOOL_CONVERSION = YES;
				CLANG_WARN_COMMA = YES;
				CLANG_WARN_CONSTANT_CONVERSION = YES;
				CLANG_WARN_DEPRECATED_OBJC_IMPLEMENTATIONS = YES;
				CLANG_WARN_DIRECT_OBJC_ISA_USAGE = YES_ERROR;
				CLANG_WARN_DOCUMENTATION_COMMENTS = YES;
				CLANG_WARN_EMPTY_BODY = YES;
				CLANG_WARN_ENUM_CONVERSION = YES;
				CLANG_WARN_INFINITE_RECURSION = YES;
				CLANG_WARN_INT_CONVERSION = YES;
				CLANG_WARN_NON_LITERAL_NULL_CONVERSION = YES;
				CLANG_WARN_OBJC_IMPLICIT_RETAIN_SELF = YES;
				CLANG_WARN_OBJC_LITERAL_CONVERSION = YES;
				CLANG_WARN_OBJC_ROOT_CLASS = YES_ERROR;
				CLANG_WARN_RANGE_LOOP_ANALYSIS = YES;
				CLANG_WARN_STRICT_PROTOTYPES = YES;
				CLANG_WARN_SUSPICIOUS_MOVE = YES;
				CLANG_WARN_UNGUARDED_AVAILABILITY = YES_AGGRESSIVE;
				CLANG_WARN_UNREACHABLE_CODE = YES;
				CLANG_WARN__DUPLICATE_METHOD_MATCH = YES;
				COPY_PHASE_STRIP = NO;
				DEBUG_INFORMATION_FORMAT = dwarf;
				ENABLE_STRICT_OBJC_MSGSEND = YES;
				ENABLE_TESTABILITY = YES;
				GCC_C_LANGUAGE_STANDARD = gnu11;
				GCC_DYNAMIC_NO_PIC = NO;
				GCC_NO_COMMON_BLOCKS = YES;
				GCC_OPTIMIZATION_LEVEL = 0;
				GCC_PREPROCESSOR_DEFINITIONS = (
					"DEBUG=1",
					"$(inherited)",
				);
				GCC_WARN_64_TO_32_BIT_CONVERSION = YES;
				GCC_WARN_ABOUT_RETURN_TYPE = YES_ERROR;
				GCC_WARN_UNDECLARED_SELECTOR = YES;
				GCC_WARN_UNINITIALIZED_AUTOS = YES_AGGRESSIVE;
				GCC_WARN_UNUSED_FUNCTION = YES;
				GCC_WARN_UNUSED_VARIABLE = YES;
				IPHONEOS_DEPLOYMENT_TARGET = 13.1;
				MTL_ENABLE_DEBUG_INFO = INCLUDE_SOURCE;
				MTL_FAST_MATH = YES;
				ONLY_ACTIVE_ARCH = YES;
				SDKROOT = iphoneos;
				SWIFT_ACTIVE_COMPILATION_CONDITIONS = DEBUG;
				SWIFT_OPTIMIZATION_LEVEL = "-Onone";
			};
			name = Debug;
		};
		849E8F842382923600070A0C /* Release */ = {
			isa = XCBuildConfiguration;
			buildSettings = {
				ALWAYS_SEARCH_USER_PATHS = NO;
				CLANG_ANALYZER_NONNULL = YES;
				CLANG_ANALYZER_NUMBER_OBJECT_CONVERSION = YES_AGGRESSIVE;
				CLANG_CXX_LANGUAGE_STANDARD = "gnu++14";
				CLANG_CXX_LIBRARY = "libc++";
				CLANG_ENABLE_MODULES = YES;
				CLANG_ENABLE_OBJC_ARC = YES;
				CLANG_ENABLE_OBJC_WEAK = YES;
				CLANG_WARN_BLOCK_CAPTURE_AUTORELEASING = YES;
				CLANG_WARN_BOOL_CONVERSION = YES;
				CLANG_WARN_COMMA = YES;
				CLANG_WARN_CONSTANT_CONVERSION = YES;
				CLANG_WARN_DEPRECATED_OBJC_IMPLEMENTATIONS = YES;
				CLANG_WARN_DIRECT_OBJC_ISA_USAGE = YES_ERROR;
				CLANG_WARN_DOCUMENTATION_COMMENTS = YES;
				CLANG_WARN_EMPTY_BODY = YES;
				CLANG_WARN_ENUM_CONVERSION = YES;
				CLANG_WARN_INFINITE_RECURSION = YES;
				CLANG_WARN_INT_CONVERSION = YES;
				CLANG_WARN_NON_LITERAL_NULL_CONVERSION = YES;
				CLANG_WARN_OBJC_IMPLICIT_RETAIN_SELF = YES;
				CLANG_WARN_OBJC_LITERAL_CONVERSION = YES;
				CLANG_WARN_OBJC_ROOT_CLASS = YES_ERROR;
				CLANG_WARN_RANGE_LOOP_ANALYSIS = YES;
				CLANG_WARN_STRICT_PROTOTYPES = YES;
				CLANG_WARN_SUSPICIOUS_MOVE = YES;
				CLANG_WARN_UNGUARDED_AVAILABILITY = YES_AGGRESSIVE;
				CLANG_WARN_UNREACHABLE_CODE = YES;
				CLANG_WARN__DUPLICATE_METHOD_MATCH = YES;
				COPY_PHASE_STRIP = NO;
				DEBUG_INFORMATION_FORMAT = "dwarf-with-dsym";
				ENABLE_NS_ASSERTIONS = NO;
				ENABLE_STRICT_OBJC_MSGSEND = YES;
				GCC_C_LANGUAGE_STANDARD = gnu11;
				GCC_NO_COMMON_BLOCKS = YES;
				GCC_WARN_64_TO_32_BIT_CONVERSION = YES;
				GCC_WARN_ABOUT_RETURN_TYPE = YES_ERROR;
				GCC_WARN_UNDECLARED_SELECTOR = YES;
				GCC_WARN_UNINITIALIZED_AUTOS = YES_AGGRESSIVE;
				GCC_WARN_UNUSED_FUNCTION = YES;
				GCC_WARN_UNUSED_VARIABLE = YES;
				IPHONEOS_DEPLOYMENT_TARGET = 13.1;
				MTL_ENABLE_DEBUG_INFO = NO;
				MTL_FAST_MATH = YES;
				SDKROOT = iphoneos;
				SWIFT_COMPILATION_MODE = wholemodule;
				SWIFT_OPTIMIZATION_LEVEL = "-O";
				VALIDATE_PRODUCT = YES;
			};
			name = Release;
		};
		849E8F862382923600070A0C /* Debug */ = {
			isa = XCBuildConfiguration;
			buildSettings = {
				ASSETCATALOG_COMPILER_APPICON_NAME = AppIcon;
				CODE_SIGN_STYLE = Automatic;
				DEVELOPMENT_ASSET_PATHS = "\"Section1-CreatingAndCombiningViews/Preview Content\"";
				DEVELOPMENT_TEAM = L3X5N5M325;
				ENABLE_PREVIEWS = YES;
				INFOPLIST_FILE = "Section1-CreatingAndCombiningViews/Info.plist";
				LD_RUNPATH_SEARCH_PATHS = (
					"$(inherited)",
					"@executable_path/Frameworks",
				);
				PRODUCT_BUNDLE_IDENTIFIER = "com.innotechx.Section1-CreatingAndCombiningViews";
				PRODUCT_NAME = "$(TARGET_NAME)";
				SWIFT_VERSION = 5.0;
				TARGETED_DEVICE_FAMILY = "1,2";
			};
			name = Debug;
		};
		849E8F872382923600070A0C /* Release */ = {
			isa = XCBuildConfiguration;
			buildSettings = {
				ASSETCATALOG_COMPILER_APPICON_NAME = AppIcon;
				CODE_SIGN_STYLE = Automatic;
				DEVELOPMENT_ASSET_PATHS = "\"Section1-CreatingAndCombiningViews/Preview Content\"";
				DEVELOPMENT_TEAM = L3X5N5M325;
				ENABLE_PREVIEWS = YES;
				INFOPLIST_FILE = "Section1-CreatingAndCombiningViews/Info.plist";
				LD_RUNPATH_SEARCH_PATHS = (
					"$(inherited)",
					"@executable_path/Frameworks",
				);
				PRODUCT_BUNDLE_IDENTIFIER = "com.innotechx.Section1-CreatingAndCombiningViews";
				PRODUCT_NAME = "$(TARGET_NAME)";
				SWIFT_VERSION = 5.0;
				TARGETED_DEVICE_FAMILY = "1,2";
			};
			name = Release;
		};
		849E8F892382923600070A0C /* Debug */ = {
			isa = XCBuildConfiguration;
			buildSettings = {
				ALWAYS_EMBED_SWIFT_STANDARD_LIBRARIES = YES;
				BUNDLE_LOADER = "$(TEST_HOST)";
				CODE_SIGN_STYLE = Automatic;
				DEVELOPMENT_TEAM = L3X5N5M325;
				INFOPLIST_FILE = "Section1-CreatingAndCombiningViewsTests/Info.plist";
				IPHONEOS_DEPLOYMENT_TARGET = 13.1;
				LD_RUNPATH_SEARCH_PATHS = (
					"$(inherited)",
					"@executable_path/Frameworks",
					"@loader_path/Frameworks",
				);
				PRODUCT_BUNDLE_IDENTIFIER = "com.innotechx.Section1-CreatingAndCombiningViewsTests";
				PRODUCT_NAME = "$(TARGET_NAME)";
				SWIFT_VERSION = 5.0;
				TARGETED_DEVICE_FAMILY = "1,2";
				TEST_HOST = "$(BUILT_PRODUCTS_DIR)/Section1-CreatingAndCombiningViews.app/Section1-CreatingAndCombiningViews";
			};
			name = Debug;
		};
		849E8F8A2382923600070A0C /* Release */ = {
			isa = XCBuildConfiguration;
			buildSettings = {
				ALWAYS_EMBED_SWIFT_STANDARD_LIBRARIES = YES;
				BUNDLE_LOADER = "$(TEST_HOST)";
				CODE_SIGN_STYLE = Automatic;
				DEVELOPMENT_TEAM = L3X5N5M325;
				INFOPLIST_FILE = "Section1-CreatingAndCombiningViewsTests/Info.plist";
				IPHONEOS_DEPLOYMENT_TARGET = 13.1;
				LD_RUNPATH_SEARCH_PATHS = (
					"$(inherited)",
					"@executable_path/Frameworks",
					"@loader_path/Frameworks",
				);
				PRODUCT_BUNDLE_IDENTIFIER = "com.innotechx.Section1-CreatingAndCombiningViewsTests";
				PRODUCT_NAME = "$(TARGET_NAME)";
				SWIFT_VERSION = 5.0;
				TARGETED_DEVICE_FAMILY = "1,2";
				TEST_HOST = "$(BUILT_PRODUCTS_DIR)/Section1-CreatingAndCombiningViews.app/Section1-CreatingAndCombiningViews";
			};
			name = Release;
		};
		849E8F8C2382923600070A0C /* Debug */ = {
			isa = XCBuildConfiguration;
			buildSettings = {
				ALWAYS_EMBED_SWIFT_STANDARD_LIBRARIES = YES;
				CODE_SIGN_STYLE = Automatic;
				DEVELOPMENT_TEAM = L3X5N5M325;
				INFOPLIST_FILE = "Section1-CreatingAndCombiningViewsUITests/Info.plist";
				LD_RUNPATH_SEARCH_PATHS = (
					"$(inherited)",
					"@executable_path/Frameworks",
					"@loader_path/Frameworks",
				);
				PRODUCT_BUNDLE_IDENTIFIER = "com.innotechx.Section1-CreatingAndCombiningViewsUITests";
				PRODUCT_NAME = "$(TARGET_NAME)";
				SWIFT_VERSION = 5.0;
				TARGETED_DEVICE_FAMILY = "1,2";
				TEST_TARGET_NAME = "Section1-CreatingAndCombiningViews";
			};
			name = Debug;
		};
		849E8F8D2382923600070A0C /* Release */ = {
			isa = XCBuildConfiguration;
			buildSettings = {
				ALWAYS_EMBED_SWIFT_STANDARD_LIBRARIES = YES;
				CODE_SIGN_STYLE = Automatic;
				DEVELOPMENT_TEAM = L3X5N5M325;
				INFOPLIST_FILE = "Section1-CreatingAndCombiningViewsUITests/Info.plist";
				LD_RUNPATH_SEARCH_PATHS = (
					"$(inherited)",
					"@executable_path/Frameworks",
					"@loader_path/Frameworks",
				);
				PRODUCT_BUNDLE_IDENTIFIER = "com.innotechx.Section1-CreatingAndCombiningViewsUITests";
				PRODUCT_NAME = "$(TARGET_NAME)";
				SWIFT_VERSION = 5.0;
				TARGETED_DEVICE_FAMILY = "1,2";
				TEST_TARGET_NAME = "Section1-CreatingAndCombiningViews";
			};
			name = Release;
		};
/* End XCBuildConfiguration section */

/* Begin XCConfigurationList section */
		849E8F562382923400070A0C /* Build configuration list for PBXProject "Section1-CreatingAndCombiningViews" */ = {
			isa = XCConfigurationList;
			buildConfigurations = (
				849E8F832382923600070A0C /* Debug */,
				849E8F842382923600070A0C /* Release */,
			);
			defaultConfigurationIsVisible = 0;
			defaultConfigurationName = Release;
		};
		849E8F852382923600070A0C /* Build configuration list for PBXNativeTarget "Section1-CreatingAndCombiningViews" */ = {
			isa = XCConfigurationList;
			buildConfigurations = (
				849E8F862382923600070A0C /* Debug */,
				849E8F872382923600070A0C /* Release */,
			);
			defaultConfigurationIsVisible = 0;
			defaultConfigurationName = Release;
		};
		849E8F882382923600070A0C /* Build configuration list for PBXNativeTarget "Section1-CreatingAndCombiningViewsTests" */ = {
			isa = XCConfigurationList;
			buildConfigurations = (
				849E8F892382923600070A0C /* Debug */,
				849E8F8A2382923600070A0C /* Release */,
			);
			defaultConfigurationIsVisible = 0;
			defaultConfigurationName = Release;
		};
		849E8F8B2382923600070A0C /* Build configuration list for PBXNativeTarget "Section1-CreatingAndCombiningViewsUITests" */ = {
			isa = XCConfigurationList;
			buildConfigurations = (
				849E8F8C2382923600070A0C /* Debug */,
				849E8F8D2382923600070A0C /* Release */,
			);
			defaultConfigurationIsVisible = 0;
			defaultConfigurationName = Release;
		};
/* End XCConfigurationList section */
	};
	rootObject = 849E8F532382923400070A0C /* Project object */;
}
